
Microsoft Visual Studio Solution File, Format Version 12.00
# Visual Studio Version 16
VisualStudioVersion = 16.0.30804.86
MinimumVisualStudioVersion = 10.0.40219.1
Project("{2150E333-8FDC-42A3-9474-1A3956D46DE8}") = "DataStructures", "DataStructures", "{101A0104-1E25-4E6D-ABDC-3ED37CDBFB31}"
EndProject
Project("{2150E333-8FDC-42A3-9474-1A3956D46DE8}") = "CodeChallenges", "CodeChallenges", "{0C651CE1-46A1-4650-98C2-6DF7E5EAEE78}"
EndProject
Project("{2150E333-8FDC-42A3-9474-1A3956D46DE8}") = "Solution Items", "Solution Items", "{418AF7BA-B789-4C81-BC3D-D2318F529F35}"
	ProjectSection(SolutionItems) = preProject
		Readme.md = Readme.md
	EndProjectSection
EndProject
Project("{2150E333-8FDC-42A3-9474-1A3956D46DE8}") = "DSAreadme", "DSAreadme", "{23FC9C6D-7C19-44B1-87E5-324E814285C2}"
	ProjectSection(SolutionItems) = preProject
		LinkedList.md = LinkedList.md
	EndProjectSection
EndProject
Project("{2150E333-8FDC-42A3-9474-1A3956D46DE8}") = "CCreadme", "CCreadme", "{3085DD60-FC3A-47DF-A8F9-F3C8A665F2E9}"
	ProjectSection(SolutionItems) = preProject
		PseudoQueue.md = PseudoQueue.md
	EndProjectSection
EndProject
Project("{2150E333-8FDC-42A3-9474-1A3956D46DE8}") = "images", "images", "{FC989F82-1617-47A0-8334-9EF46BCED496}"
	ProjectSection(SolutionItems) = preProject
		..\..\..\Desktop\CC6.PNG = ..\..\..\Desktop\CC6.PNG
	EndProjectSection
EndProject
Project("{9A19103F-16F7-4668-BE54-9A1E7A4F7556}") = "StackandQueue", "DataStructures\StackandQueue\StackandQueue.csproj", "{CF4DE82A-CC8E-48E5-A148-9B1CFFEE70C5}"
EndProject
Project("{9A19103F-16F7-4668-BE54-9A1E7A4F7556}") = "LinkedLists", "DataStructures\LinkedLists\LinkedLists.csproj", "{DF51D6A8-257B-46A4-8E26-56D6DA75114F}"
EndProject
Project("{9A19103F-16F7-4668-BE54-9A1E7A4F7556}") = "DSA-Tests", "DataStructures\DSA-Tests\DSA-Tests.csproj", "{EA40B064-EB0A-4DFE-A0FA-D3A997AF48D1}"
EndProject
Project("{9A19103F-16F7-4668-BE54-9A1E7A4F7556}") = "PseudoQueueTests", "CodeChallenges\CodeChallengeTests\PseudoQueueTests\PseudoQueueTests.csproj", "{41B85596-D7B3-49C5-8D5A-2669D2E1C35E}"
EndProject
Project("{9A19103F-16F7-4668-BE54-9A1E7A4F7556}") = "PseudoQueue", "CodeChallenges\PseudoQueue\PseudoQueue.csproj", "{A23CAA00-3C0C-4A57-A378-631599E5E3CC}"
EndProject
Project("{9A19103F-16F7-4668-BE54-9A1E7A4F7556}") = "AnimalShelter", "CodeChallenges\AnimalShelter\AnimalShelter.csproj", "{AC049D7D-AA52-4319-B0A4-182FAF1BD356}"
EndProject
Project("{9A19103F-16F7-4668-BE54-9A1E7A4F7556}") = "FIFOAnimalTest", "CodeChallenges\CodeChallengeTests\FIFOAnimalTest\FIFOAnimalTest.csproj", "{0B081A25-4ED3-4BC6-9991-94A9573C19CE}"
EndProject
Project("{9A19103F-16F7-4668-BE54-9A1E7A4F7556}") = "MultiBracketValidation", "CodeChallenges\MultiBracketValidation\MultiBracketValidation.csproj", "{09C090D4-D8C1-4090-BC75-01C69D2590BC}"
EndProject
Project("{9A19103F-16F7-4668-BE54-9A1E7A4F7556}") = "MultiBracketTests", "CodeChallenges\CodeChallengeTests\MultiBracketTests\MultiBracketTests.csproj", "{B807165B-A26B-4DB1-9E05-BDD5E0FC9856}"
EndProject
Project("{9A19103F-16F7-4668-BE54-9A1E7A4F7556}") = "Trees", "DataStructures\Trees\Trees.csproj", "{C2532B31-FD1E-46D1-BA5B-83094FE11555}"
EndProject
Project("{FAE04EC0-301F-11D3-BF4B-00C04F79EFBC}") = "Tree-Tests", "DataStructures\DSA-Tests\Tree-Tests\Tree-Tests.csproj", "{9CF10247-07E9-4E97-9CD1-989DA0AF121D}"
EndProject
Project("{9A19103F-16F7-4668-BE54-9A1E7A4F7556}") = "DepthFirstSearch", "CodeChallenges\DepthFirstSearch\DepthFirstSearch.csproj", "{E57BBFE9-016F-496D-9DFD-E133F5C884C8}"
EndProject
Project("{9A19103F-16F7-4668-BE54-9A1E7A4F7556}") = "KaryTree", "CodeChallenges\KaryTree\KaryTree.csproj", "{CBD0AAA9-8AC5-4A4B-B79E-B4E383D48C78}"
EndProject
Project("{9A19103F-16F7-4668-BE54-9A1E7A4F7556}") = "HashMap", "DataStructures\HashMap\HashMap.csproj", "{95DE39F0-D060-47BD-9BE5-4E2198710F17}"
EndProject
Project("{9A19103F-16F7-4668-BE54-9A1E7A4F7556}") = "RepeatedWord", "CodeChallenges\RepeatedWord\RepeatedWord.csproj", "{A853CEC0-BB3B-405A-A215-39108E117194}"
EndProject
Project("{9A19103F-16F7-4668-BE54-9A1E7A4F7556}") = "RepeatedWordTests", "CodeChallenges\RepeatedWordTests\RepeatedWordTests.csproj", "{F5DCF5A1-E2C1-4712-A670-6274C7E81252}"
EndProject
Project("{9A19103F-16F7-4668-BE54-9A1E7A4F7556}") = "TreeIntersection", "CodeChallenges\TreeIntersection\TreeIntersection.csproj", "{0017D59A-C3D9-4B58-A691-89AF3627B0A3}"
EndProject
Project("{9A19103F-16F7-4668-BE54-9A1E7A4F7556}") = "TreeIntersectTEST", "CodeChallenges\TreeIntersectTEST\TreeIntersectTEST.csproj", "{AC3868F8-07F2-4561-941E-95409A5D7542}"
EndProject
Project("{FAE04EC0-301F-11D3-BF4B-00C04F79EFBC}") = "LeftJoin", "CodeChallenges\LeftJoin\LeftJoin.csproj", "{D7A48B1A-B525-4090-97D6-BF6FCA2AA54A}"
EndProject
Project("{FAE04EC0-301F-11D3-BF4B-00C04F79EFBC}") = "LeftJoinTest", "CodeChallenges\LeftJoinTest\LeftJoinTest.csproj", "{0C1A5DDA-D09F-46B2-B8E3-83730EDB76FE}"
EndProject
Global
	GlobalSection(SolutionConfigurationPlatforms) = preSolution
		Debug|Any CPU = Debug|Any CPU
		Release|Any CPU = Release|Any CPU
	EndGlobalSection
	GlobalSection(ProjectConfigurationPlatforms) = postSolution
		{CF4DE82A-CC8E-48E5-A148-9B1CFFEE70C5}.Debug|Any CPU.ActiveCfg = Debug|Any CPU
		{CF4DE82A-CC8E-48E5-A148-9B1CFFEE70C5}.Debug|Any CPU.Build.0 = Debug|Any CPU
		{CF4DE82A-CC8E-48E5-A148-9B1CFFEE70C5}.Release|Any CPU.ActiveCfg = Release|Any CPU
		{CF4DE82A-CC8E-48E5-A148-9B1CFFEE70C5}.Release|Any CPU.Build.0 = Release|Any CPU
		{DF51D6A8-257B-46A4-8E26-56D6DA75114F}.Debug|Any CPU.ActiveCfg = Debug|Any CPU
		{DF51D6A8-257B-46A4-8E26-56D6DA75114F}.Debug|Any CPU.Build.0 = Debug|Any CPU
		{DF51D6A8-257B-46A4-8E26-56D6DA75114F}.Release|Any CPU.ActiveCfg = Release|Any CPU
		{DF51D6A8-257B-46A4-8E26-56D6DA75114F}.Release|Any CPU.Build.0 = Release|Any CPU
		{EA40B064-EB0A-4DFE-A0FA-D3A997AF48D1}.Debug|Any CPU.ActiveCfg = Debug|Any CPU
		{EA40B064-EB0A-4DFE-A0FA-D3A997AF48D1}.Debug|Any CPU.Build.0 = Debug|Any CPU
		{EA40B064-EB0A-4DFE-A0FA-D3A997AF48D1}.Release|Any CPU.ActiveCfg = Release|Any CPU
		{EA40B064-EB0A-4DFE-A0FA-D3A997AF48D1}.Release|Any CPU.Build.0 = Release|Any CPU
		{41B85596-D7B3-49C5-8D5A-2669D2E1C35E}.Debug|Any CPU.ActiveCfg = Debug|Any CPU
		{41B85596-D7B3-49C5-8D5A-2669D2E1C35E}.Debug|Any CPU.Build.0 = Debug|Any CPU
		{41B85596-D7B3-49C5-8D5A-2669D2E1C35E}.Release|Any CPU.ActiveCfg = Release|Any CPU
		{41B85596-D7B3-49C5-8D5A-2669D2E1C35E}.Release|Any CPU.Build.0 = Release|Any CPU
		{A23CAA00-3C0C-4A57-A378-631599E5E3CC}.Debug|Any CPU.ActiveCfg = Debug|Any CPU
		{A23CAA00-3C0C-4A57-A378-631599E5E3CC}.Debug|Any CPU.Build.0 = Debug|Any CPU
		{A23CAA00-3C0C-4A57-A378-631599E5E3CC}.Release|Any CPU.ActiveCfg = Release|Any CPU
		{A23CAA00-3C0C-4A57-A378-631599E5E3CC}.Release|Any CPU.Build.0 = Release|Any CPU
		{AC049D7D-AA52-4319-B0A4-182FAF1BD356}.Debug|Any CPU.ActiveCfg = Debug|Any CPU
		{AC049D7D-AA52-4319-B0A4-182FAF1BD356}.Debug|Any CPU.Build.0 = Debug|Any CPU
		{AC049D7D-AA52-4319-B0A4-182FAF1BD356}.Release|Any CPU.ActiveCfg = Release|Any CPU
		{AC049D7D-AA52-4319-B0A4-182FAF1BD356}.Release|Any CPU.Build.0 = Release|Any CPU
		{0B081A25-4ED3-4BC6-9991-94A9573C19CE}.Debug|Any CPU.ActiveCfg = Debug|Any CPU
		{0B081A25-4ED3-4BC6-9991-94A9573C19CE}.Debug|Any CPU.Build.0 = Debug|Any CPU
		{0B081A25-4ED3-4BC6-9991-94A9573C19CE}.Release|Any CPU.ActiveCfg = Release|Any CPU
		{0B081A25-4ED3-4BC6-9991-94A9573C19CE}.Release|Any CPU.Build.0 = Release|Any CPU
		{09C090D4-D8C1-4090-BC75-01C69D2590BC}.Debug|Any CPU.ActiveCfg = Debug|Any CPU
		{09C090D4-D8C1-4090-BC75-01C69D2590BC}.Debug|Any CPU.Build.0 = Debug|Any CPU
		{09C090D4-D8C1-4090-BC75-01C69D2590BC}.Release|Any CPU.ActiveCfg = Release|Any CPU
		{09C090D4-D8C1-4090-BC75-01C69D2590BC}.Release|Any CPU.Build.0 = Release|Any CPU
		{B807165B-A26B-4DB1-9E05-BDD5E0FC9856}.Debug|Any CPU.ActiveCfg = Debug|Any CPU
		{B807165B-A26B-4DB1-9E05-BDD5E0FC9856}.Debug|Any CPU.Build.0 = Debug|Any CPU
		{B807165B-A26B-4DB1-9E05-BDD5E0FC9856}.Release|Any CPU.ActiveCfg = Release|Any CPU
		{B807165B-A26B-4DB1-9E05-BDD5E0FC9856}.Release|Any CPU.Build.0 = Release|Any CPU
		{C2532B31-FD1E-46D1-BA5B-83094FE11555}.Debug|Any CPU.ActiveCfg = Debug|Any CPU
		{C2532B31-FD1E-46D1-BA5B-83094FE11555}.Debug|Any CPU.Build.0 = Debug|Any CPU
		{C2532B31-FD1E-46D1-BA5B-83094FE11555}.Release|Any CPU.ActiveCfg = Release|Any CPU
		{C2532B31-FD1E-46D1-BA5B-83094FE11555}.Release|Any CPU.Build.0 = Release|Any CPU
		{9CF10247-07E9-4E97-9CD1-989DA0AF121D}.Debug|Any CPU.ActiveCfg = Debug|Any CPU
		{9CF10247-07E9-4E97-9CD1-989DA0AF121D}.Debug|Any CPU.Build.0 = Debug|Any CPU
		{9CF10247-07E9-4E97-9CD1-989DA0AF121D}.Release|Any CPU.ActiveCfg = Release|Any CPU
		{9CF10247-07E9-4E97-9CD1-989DA0AF121D}.Release|Any CPU.Build.0 = Release|Any CPU
		{E57BBFE9-016F-496D-9DFD-E133F5C884C8}.Debug|Any CPU.ActiveCfg = Debug|Any CPU
		{E57BBFE9-016F-496D-9DFD-E133F5C884C8}.Debug|Any CPU.Build.0 = Debug|Any CPU
		{E57BBFE9-016F-496D-9DFD-E133F5C884C8}.Release|Any CPU.ActiveCfg = Release|Any CPU
		{E57BBFE9-016F-496D-9DFD-E133F5C884C8}.Release|Any CPU.Build.0 = Release|Any CPU
		{CBD0AAA9-8AC5-4A4B-B79E-B4E383D48C78}.Debug|Any CPU.ActiveCfg = Debug|Any CPU
		{CBD0AAA9-8AC5-4A4B-B79E-B4E383D48C78}.Debug|Any CPU.Build.0 = Debug|Any CPU
		{CBD0AAA9-8AC5-4A4B-B79E-B4E383D48C78}.Release|Any CPU.ActiveCfg = Release|Any CPU
		{CBD0AAA9-8AC5-4A4B-B79E-B4E383D48C78}.Release|Any CPU.Build.0 = Release|Any CPU
		{95DE39F0-D060-47BD-9BE5-4E2198710F17}.Debug|Any CPU.ActiveCfg = Debug|Any CPU
		{95DE39F0-D060-47BD-9BE5-4E2198710F17}.Debug|Any CPU.Build.0 = Debug|Any CPU
		{95DE39F0-D060-47BD-9BE5-4E2198710F17}.Release|Any CPU.ActiveCfg = Release|Any CPU
		{95DE39F0-D060-47BD-9BE5-4E2198710F17}.Release|Any CPU.Build.0 = Release|Any CPU
		{A853CEC0-BB3B-405A-A215-39108E117194}.Debug|Any CPU.ActiveCfg = Debug|Any CPU
		{A853CEC0-BB3B-405A-A215-39108E117194}.Debug|Any CPU.Build.0 = Debug|Any CPU
		{A853CEC0-BB3B-405A-A215-39108E117194}.Release|Any CPU.ActiveCfg = Release|Any CPU
		{A853CEC0-BB3B-405A-A215-39108E117194}.Release|Any CPU.Build.0 = Release|Any CPU
		{F5DCF5A1-E2C1-4712-A670-6274C7E81252}.Debug|Any CPU.ActiveCfg = Debug|Any CPU
		{F5DCF5A1-E2C1-4712-A670-6274C7E81252}.Debug|Any CPU.Build.0 = Debug|Any CPU
		{F5DCF5A1-E2C1-4712-A670-6274C7E81252}.Release|Any CPU.ActiveCfg = Release|Any CPU
		{F5DCF5A1-E2C1-4712-A670-6274C7E81252}.Release|Any CPU.Build.0 = Release|Any CPU
		{0017D59A-C3D9-4B58-A691-89AF3627B0A3}.Debug|Any CPU.ActiveCfg = Debug|Any CPU
		{0017D59A-C3D9-4B58-A691-89AF3627B0A3}.Debug|Any CPU.Build.0 = Debug|Any CPU
		{0017D59A-C3D9-4B58-A691-89AF3627B0A3}.Release|Any CPU.ActiveCfg = Release|Any CPU
		{0017D59A-C3D9-4B58-A691-89AF3627B0A3}.Release|Any CPU.Build.0 = Release|Any CPU
		{AC3868F8-07F2-4561-941E-95409A5D7542}.Debug|Any CPU.ActiveCfg = Debug|Any CPU
		{AC3868F8-07F2-4561-941E-95409A5D7542}.Debug|Any CPU.Build.0 = Debug|Any CPU
		{AC3868F8-07F2-4561-941E-95409A5D7542}.Release|Any CPU.ActiveCfg = Release|Any CPU
		{AC3868F8-07F2-4561-941E-95409A5D7542}.Release|Any CPU.Build.0 = Release|Any CPU
		{D7A48B1A-B525-4090-97D6-BF6FCA2AA54A}.Debug|Any CPU.ActiveCfg = Debug|Any CPU
		{D7A48B1A-B525-4090-97D6-BF6FCA2AA54A}.Debug|Any CPU.Build.0 = Debug|Any CPU
		{D7A48B1A-B525-4090-97D6-BF6FCA2AA54A}.Release|Any CPU.ActiveCfg = Release|Any CPU
		{D7A48B1A-B525-4090-97D6-BF6FCA2AA54A}.Release|Any CPU.Build.0 = Release|Any CPU
		{0C1A5DDA-D09F-46B2-B8E3-83730EDB76FE}.Debug|Any CPU.ActiveCfg = Debug|Any CPU
		{0C1A5DDA-D09F-46B2-B8E3-83730EDB76FE}.Debug|Any CPU.Build.0 = Debug|Any CPU
		{0C1A5DDA-D09F-46B2-B8E3-83730EDB76FE}.Release|Any CPU.ActiveCfg = Release|Any CPU
		{0C1A5DDA-D09F-46B2-B8E3-83730EDB76FE}.Release|Any CPU.Build.0 = Release|Any CPU
	EndGlobalSection
	GlobalSection(SolutionProperties) = preSolution
		HideSolutionNode = FALSE
	EndGlobalSection
	GlobalSection(NestedProjects) = preSolution
		{23FC9C6D-7C19-44B1-87E5-324E814285C2} = {101A0104-1E25-4E6D-ABDC-3ED37CDBFB31}
		{3085DD60-FC3A-47DF-A8F9-F3C8A665F2E9} = {0C651CE1-46A1-4650-98C2-6DF7E5EAEE78}
		{CF4DE82A-CC8E-48E5-A148-9B1CFFEE70C5} = {101A0104-1E25-4E6D-ABDC-3ED37CDBFB31}
		{DF51D6A8-257B-46A4-8E26-56D6DA75114F} = {101A0104-1E25-4E6D-ABDC-3ED37CDBFB31}
		{EA40B064-EB0A-4DFE-A0FA-D3A997AF48D1} = {101A0104-1E25-4E6D-ABDC-3ED37CDBFB31}
		{41B85596-D7B3-49C5-8D5A-2669D2E1C35E} = {0C651CE1-46A1-4650-98C2-6DF7E5EAEE78}
		{A23CAA00-3C0C-4A57-A378-631599E5E3CC} = {0C651CE1-46A1-4650-98C2-6DF7E5EAEE78}
		{AC049D7D-AA52-4319-B0A4-182FAF1BD356} = {0C651CE1-46A1-4650-98C2-6DF7E5EAEE78}
		{0B081A25-4ED3-4BC6-9991-94A9573C19CE} = {0C651CE1-46A1-4650-98C2-6DF7E5EAEE78}
		{09C090D4-D8C1-4090-BC75-01C69D2590BC} = {0C651CE1-46A1-4650-98C2-6DF7E5EAEE78}
		{B807165B-A26B-4DB1-9E05-BDD5E0FC9856} = {0C651CE1-46A1-4650-98C2-6DF7E5EAEE78}
		{C2532B31-FD1E-46D1-BA5B-83094FE11555} = {101A0104-1E25-4E6D-ABDC-3ED37CDBFB31}
		{9CF10247-07E9-4E97-9CD1-989DA0AF121D} = {101A0104-1E25-4E6D-ABDC-3ED37CDBFB31}
		{E57BBFE9-016F-496D-9DFD-E133F5C884C8} = {0C651CE1-46A1-4650-98C2-6DF7E5EAEE78}
		{CBD0AAA9-8AC5-4A4B-B79E-B4E383D48C78} = {0C651CE1-46A1-4650-98C2-6DF7E5EAEE78}
		{95DE39F0-D060-47BD-9BE5-4E2198710F17} = {101A0104-1E25-4E6D-ABDC-3ED37CDBFB31}
		{A853CEC0-BB3B-405A-A215-39108E117194} = {0C651CE1-46A1-4650-98C2-6DF7E5EAEE78}
		{F5DCF5A1-E2C1-4712-A670-6274C7E81252} = {0C651CE1-46A1-4650-98C2-6DF7E5EAEE78}
		{0017D59A-C3D9-4B58-A691-89AF3627B0A3} = {0C651CE1-46A1-4650-98C2-6DF7E5EAEE78}
		{AC3868F8-07F2-4561-941E-95409A5D7542} = {0C651CE1-46A1-4650-98C2-6DF7E5EAEE78}
		{D7A48B1A-B525-4090-97D6-BF6FCA2AA54A} = {0C651CE1-46A1-4650-98C2-6DF7E5EAEE78}
		{0C1A5DDA-D09F-46B2-B8E3-83730EDB76FE} = {0C651CE1-46A1-4650-98C2-6DF7E5EAEE78}
	EndGlobalSection
	GlobalSection(ExtensibilityGlobals) = postSolution
		SolutionGuid = {3297F10F-EDC2-4613-8CF0-4559900FE407}
	EndGlobalSection
EndGlobal
